<?xml version="1.0" encoding="utf-8"?>
<Project ToolsVersion="4.0" xmlns="http://schemas.microsoft.com/developer/msbuild/2003">
  <ItemGroup>
    <ClCompile Include="test.cpp" />
    <ClCompile Include="LoadRegisterTest.cpp">
      <Filter>Tests</Filter>
    </ClCompile>
    <ClCompile Include="StoreRegisterTest.cpp">
      <Filter>Tests</Filter>
    </ClCompile>
    <ClCompile Include="JumpsAndCallsTest.cpp">
      <Filter>Tests</Filter>
    </ClCompile>
    <ClCompile Include="StackOperationsTest.cpp">
      <Filter>Tests</Filter>
    </ClCompile>
  </ItemGroup>
  <ItemGroup>
    <ClInclude Include="LoadRegisterTest.h">
      <Filter>Tests</Filter>
    </ClInclude>
    <ClInclude Include="StoreRegisterTest.h">
      <Filter>Tests</Filter>
    </ClInclude>
    <ClInclude Include="JumpsAndCallsTest.h">
      <Filter>Tests</Filter>
    </ClInclude>
    <ClInclude Include="StackOperationsTest.h">
      <Filter>Tests</Filter>
    </ClInclude>
  </ItemGroup>
  <ItemGroup>
    <None Include="packages.config" />
  </ItemGroup>
  <ItemGroup>
    <Filter Include="Tests">
      <UniqueIdentifier>{a6ed55b9-d9b0-4ffe-bd4b-3bf471d905c3}</UniqueIdentifier>
    </Filter>
  </ItemGroup>
</Project>